
Microsoft Visual Studio Solution File, Format Version 12.00
# Visual Studio Version 16
VisualStudioVersion = 16.0.31829.152
MinimumVisualStudioVersion = 10.0.40219.1
Project("{FAE04EC0-301F-11D3-BF4B-00C04F79EFBC}") = "ProjektPO", "ProjektPO\ProjektPO.csproj", "{4342B68A-9CC2-4C4D-97F3-CFC0C1573F55}"
EndProject
Global
	GlobalSection(SolutionConfigurationPlatforms) = preSolution
		Debug|Any CPU = Debug|Any CPU
		Release|Any CPU = Release|Any CPU
	EndGlobalSection
	GlobalSection(ProjectConfigurationPlatforms) = postSolution
		{4342B68A-9CC2-4C4D-97F3-CFC0C1573F55}.Debug|Any CPU.ActiveCfg = Debug|Any CPU
		{4342B68A-9CC2-4C4D-97F3-CFC0C1573F55}.Debug|Any CPU.Build.0 = Debug|Any CPU
		{4342B68A-9CC2-4C4D-97F3-CFC0C1573F55}.Release|Any CPU.ActiveCfg = Release|Any CPU
		{4342B68A-9CC2-4C4D-97F3-CFC0C1573F55}.Release|Any CPU.Build.0 = Release|Any CPU
	EndGlobalSection
	GlobalSection(SolutionProperties) = preSolution
		HideSolutionNode = FALSE
	EndGlobalSection
	GlobalSection(ExtensibilityGlobals) = postSolution
		SolutionGuid = {2BCB5753-016E-473D-90E7-3524EBB4AC11}
	EndGlobalSection
EndGlobal
